// !$*UTF8*$!
{
	archiveVersion = 1;
	classes = {
	};
	objectVersion = 50;
	objects = {

/* Begin PBXBuildFile section */
		9801C00E21A833D000F59CD1 /* AppDelegate.swift in Sources */ = {isa = PBXBuildFile; fileRef = 9801C00D21A833D000F59CD1 /* AppDelegate.swift */; };
		9801C01021A833D000F59CD1 /* MainViewController.swift in Sources */ = {isa = PBXBuildFile; fileRef = 9801C00F21A833D000F59CD1 /* MainViewController.swift */; };
		9801C01321A833D000F59CD1 /* Main.storyboard in Resources */ = {isa = PBXBuildFile; fileRef = 9801C01121A833D000F59CD1 /* Main.storyboard */; };
		9801C01521A833D100F59CD1 /* Assets.xcassets in Resources */ = {isa = PBXBuildFile; fileRef = 9801C01421A833D100F59CD1 /* Assets.xcassets */; };
		9801C01821A833D100F59CD1 /* LaunchScreen.storyboard in Resources */ = {isa = PBXBuildFile; fileRef = 9801C01621A833D100F59CD1 /* LaunchScreen.storyboard */; };
		989C415E21AAB9C300CD7CAC /* PostViewController.xib in Resources */ = {isa = PBXBuildFile; fileRef = 989C415D21AAB9C300CD7CAC /* PostViewController.xib */; };
		989C416021AAC0A000CD7CAC /* NavigationViewController.swift in Sources */ = {isa = PBXBuildFile; fileRef = 989C415F21AAC0A000CD7CAC /* NavigationViewController.swift */; };
		98B7848821AA5A77004A037E /* PostViewController.swift in Sources */ = {isa = PBXBuildFile; fileRef = 98B7848721AA5A77004A037E /* PostViewController.swift */; };
		98B7848A21AA5B12004A037E /* Post.swift in Sources */ = {isa = PBXBuildFile; fileRef = 98B7848921AA5B12004A037E /* Post.swift */; };
		98B7849421AA62F0004A037E /* ListTableViewCell.swift in Sources */ = {isa = PBXBuildFile; fileRef = 98B7849221AA62F0004A037E /* ListTableViewCell.swift */; };
		98B7849521AA62F0004A037E /* ListTableViewCell.xib in Resources */ = {isa = PBXBuildFile; fileRef = 98B7849321AA62F0004A037E /* ListTableViewCell.xib */; };
/* End PBXBuildFile section */

/* Begin PBXFileReference section */
		9801C00A21A833D000F59CD1 /* Crawler.app */ = {isa = PBXFileReference; explicitFileType = wrapper.application; includeInIndex = 0; path = Crawler.app; sourceTree = BUILT_PRODUCTS_DIR; };
		9801C00D21A833D000F59CD1 /* AppDelegate.swift */ = {isa = PBXFileReference; lastKnownFileType = sourcecode.swift; path = AppDelegate.swift; sourceTree = "<group>"; };
		9801C00F21A833D000F59CD1 /* MainViewController.swift */ = {isa = PBXFileReference; lastKnownFileType = sourcecode.swift; path = MainViewController.swift; sourceTree = "<group>"; };
		9801C01221A833D000F59CD1 /* Base */ = {isa = PBXFileReference; lastKnownFileType = file.storyboard; name = Base; path = Base.lproj/Main.storyboard; sourceTree = "<group>"; };
		9801C01421A833D100F59CD1 /* Assets.xcassets */ = {isa = PBXFileReference; lastKnownFileType = folder.assetcatalog; path = Assets.xcassets; sourceTree = "<group>"; };
		9801C01721A833D100F59CD1 /* Base */ = {isa = PBXFileReference; lastKnownFileType = file.storyboard; name = Base; path = Base.lproj/LaunchScreen.storyboard; sourceTree = "<group>"; };
		9801C01921A833D100F59CD1 /* Info.plist */ = {isa = PBXFileReference; lastKnownFileType = text.plist.xml; path = Info.plist; sourceTree = "<group>"; };
		989C415D21AAB9C300CD7CAC /* PostViewController.xib */ = {isa = PBXFileReference; lastKnownFileType = file.xib; path = PostViewController.xib; sourceTree = "<group>"; };
		989C415F21AAC0A000CD7CAC /* NavigationViewController.swift */ = {isa = PBXFileReference; lastKnownFileType = sourcecode.swift; path = NavigationViewController.swift; sourceTree = "<group>"; };
		98B7848721AA5A77004A037E /* PostViewController.swift */ = {isa = PBXFileReference; lastKnownFileType = sourcecode.swift; path = PostViewController.swift; sourceTree = "<group>"; };
		98B7848921AA5B12004A037E /* Post.swift */ = {isa = PBXFileReference; lastKnownFileType = sourcecode.swift; path = Post.swift; sourceTree = "<group>"; };
		98B7849221AA62F0004A037E /* ListTableViewCell.swift */ = {isa = PBXFileReference; lastKnownFileType = sourcecode.swift; path = ListTableViewCell.swift; sourceTree = "<group>"; };
		98B7849321AA62F0004A037E /* ListTableViewCell.xib */ = {isa = PBXFileReference; lastKnownFileType = file.xib; path = ListTableViewCell.xib; sourceTree = "<group>"; };
/* End PBXFileReference section */

/* Begin PBXFrameworksBuildPhase section */
		9801C00721A833D000F59CD1 /* Frameworks */ = {
			isa = PBXFrameworksBuildPhase;
			buildActionMask = 2147483647;
			files = (
			);
			runOnlyForDeploymentPostprocessing = 0;
		};
/* End PBXFrameworksBuildPhase section */

/* Begin PBXGroup section */
		9801C00121A833D000F59CD1 = {
			isa = PBXGroup;
			children = (
				9801C00C21A833D000F59CD1 /* Crawler */,
				9801C00B21A833D000F59CD1 /* Products */,
			);
			sourceTree = "<group>";
		};
		9801C00B21A833D000F59CD1 /* Products */ = {
			isa = PBXGroup;
			children = (
				9801C00A21A833D000F59CD1 /* Crawler.app */,
			);
			name = Products;
			sourceTree = "<group>";
		};
		9801C00C21A833D000F59CD1 /* Crawler */ = {
			isa = PBXGroup;
			children = (
				98B7848B21AA6025004A037E /* UI */,
				9826227E21A8EDE500C839BA /* Model */,
				9801C00D21A833D000F59CD1 /* AppDelegate.swift */,
				9801C00F21A833D000F59CD1 /* MainViewController.swift */,
				989C415F21AAC0A000CD7CAC /* NavigationViewController.swift */,
				9801C01121A833D000F59CD1 /* Main.storyboard */,
				9801C01421A833D100F59CD1 /* Assets.xcassets */,
				9801C01621A833D100F59CD1 /* LaunchScreen.storyboard */,
				9801C01921A833D100F59CD1 /* Info.plist */,
			);
			path = Crawler;
			sourceTree = "<group>";
		};
		9826227E21A8EDE500C839BA /* Model */ = {
			isa = PBXGroup;
			children = (
				98B7848921AA5B12004A037E /* Post.swift */,
			);
			path = Model;
			sourceTree = "<group>";
		};
		98B7848B21AA6025004A037E /* UI */ = {
			isa = PBXGroup;
			children = (
				98B7849221AA62F0004A037E /* ListTableViewCell.swift */,
				98B7849321AA62F0004A037E /* ListTableViewCell.xib */,
				989C415D21AAB9C300CD7CAC /* PostViewController.xib */,
				98B7848721AA5A77004A037E /* PostViewController.swift */,
			);
			path = UI;
			sourceTree = "<group>";
		};
/* End PBXGroup section */

/* Begin PBXNativeTarget section */
		9801C00921A833D000F59CD1 /* Crawler */ = {
			isa = PBXNativeTarget;
			buildConfigurationList = 9801C01C21A833D100F59CD1 /* Build configuration list for PBXNativeTarget "Crawler" */;
			buildPhases = (
				9801C00621A833D000F59CD1 /* Sources */,
				9801C00721A833D000F59CD1 /* Frameworks */,
				9801C00821A833D000F59CD1 /* Resources */,
			);
			buildRules = (
			);
			dependencies = (
			);
			name = Crawler;
			productName = Crawler;
			productReference = 9801C00A21A833D000F59CD1 /* Crawler.app */;
			productType = "com.apple.product-type.application";
		};
/* End PBXNativeTarget section */

/* Begin PBXProject section */
		9801C00221A833D000F59CD1 /* Project object */ = {
			isa = PBXProject;
			attributes = {
				LastSwiftUpdateCheck = 1010;
				LastUpgradeCheck = 1010;
				ORGANIZATIONNAME = sutie;
				TargetAttributes = {
					9801C00921A833D000F59CD1 = {
						CreatedOnToolsVersion = 10.1;
					};
				};
			};
			buildConfigurationList = 9801C00521A833D000F59CD1 /* Build configuration list for PBXProject "Crawler" */;
			compatibilityVersion = "Xcode 9.3";
			developmentRegion = en;
			hasScannedForEncodings = 0;
			knownRegions = (
				en,
				Base,
			);
			mainGroup = 9801C00121A833D000F59CD1;
			productRefGroup = 9801C00B21A833D000F59CD1 /* Products */;
			projectDirPath = "";
			projectRoot = "";
			targets = (
				9801C00921A833D000F59CD1 /* Crawler */,
			);
		};
/* End PBXProject section */

/* Begin PBXResourcesBuildPhase section */
		9801C00821A833D000F59CD1 /* Resources */ = {
			isa = PBXResourcesBuildPhase;
			buildActionMask = 2147483647;
			files = (
				9801C01821A833D100F59CD1 /* LaunchScreen.storyboard in Resources */,
				9801C01521A833D100F59CD1 /* Assets.xcassets in Resources */,
				9801C01321A833D000F59CD1 /* Main.storyboard in Resources */,
				98B7849521AA62F0004A037E /* ListTableViewCell.xib in Resources */,
				989C415E21AAB9C300CD7CAC /* PostViewController.xib in Resources */,
			);
			runOnlyForDeploymentPostprocessing = 0;
		};
/* End PBXResourcesBuildPhase section */

/* Begin PBXSourcesBuildPhase section */
		9801C00621A833D000F59CD1 /* Sources */ = {
			isa = PBXSourcesBuildPhase;
			buildActionMask = 2147483647;
			files = (
				989C416021AAC0A000CD7CAC /* NavigationViewController.swift in Sources */,
				98B7848821AA5A77004A037E /* PostViewController.swift in Sources */,
				9801C01021A833D000F59CD1 /* MainViewController.swift in Sources */,
				9801C00E21A833D000F59CD1 /* AppDelegate.swift in Sources */,
				98B7848A21AA5B12004A037E /* Post.swift in Sources */,
				98B7849421AA62F0004A037E /* ListTableViewCell.swift in Sources */,
			);
			runOnlyForDeploymentPostprocessing = 0;
		};
/* End PBXSourcesBuildPhase section */

/* Begin PBXVariantGroup section */
		9801C01121A833D000F59CD1 /* Main.storyboard */ = {
			isa = PBXVariantGroup;
			children = (
				9801C01221A833D000F59CD1 /* Base */,
			);
			name = Main.storyboard;
			sourceTree = "<group>";
		};
		9801C01621A833D100F59CD1 /* LaunchScreen.storyboard */ = {
			isa = PBXVariantGroup;
			children = (
				9801C01721A833D100F59CD1 /* Base */,
			);
			name = LaunchScreen.storyboard;
			sourceTree = "<group>";
		};
/* End PBXVariantGroup section */

/* Begin XCBuildConfiguration section */
		9801C01A21A833D100F59CD1 /* Debug */ = {
			isa = XCBuildConfiguration;
			buildSettings = {
				ALWAYS_SEARCH_USER_PATHS = NO;
				CLANG_ANALYZER_NONNULL = YES;
				CLANG_ANALYZER_NUMBER_OBJECT_CONVERSION = YES_AGGRESSIVE;
				CLANG_CXX_LANGUAGE_STANDARD = "gnu++14";
				CLANG_CXX_LIBRARY = "libc++";
				CLANG_ENABLE_MODULES = YES;
				CLANG_ENABLE_OBJC_ARC = YES;
				CLANG_ENABLE_OBJC_WEAK = YES;
				CLANG_WARN_BLOCK_CAPTURE_AUTORELEASING = YES;
				CLANG_WARN_BOOL_CONVERSION = YES;
				CLANG_WARN_COMMA = YES;
				CLANG_WARN_CONSTANT_CONVERSION = YES;
				CLANG_WARN_DEPRECATED_OBJC_IMPLEMENTATIONS = YES;
				CLANG_WARN_DIRECT_OBJC_ISA_USAGE = YES_ERROR;
				CLANG_WARN_DOCUMENTATION_COMMENTS = YES;
				CLANG_WARN_EMPTY_BODY = YES;
				CLANG_WARN_ENUM_CONVERSION = YES;
				CLANG_WARN_INFINITE_RECURSION = YES;
				CLANG_WARN_INT_CONVERSION = YES;
				CLANG_WARN_NON_LITERAL_NULL_CONVERSION = YES;
				CLANG_WARN_OBJC_IMPLICIT_RETAIN_SELF = YES;
				CLANG_WARN_OBJC_LITERAL_CONVERSION = YES;
				CLANG_WARN_OBJC_ROOT_CLASS = YES_ERROR;
				CLANG_WARN_RANGE_LOOP_ANALYSIS = YES;
				CLANG_WARN_STRICT_PROTOTYPES = YES;
				CLANG_WARN_SUSPICIOUS_MOVE = YES;
				CLANG_WARN_UNGUARDED_AVAILABILITY = YES_AGGRESSIVE;
				CLANG_WARN_UNREACHABLE_CODE = YES;
				CLANG_WARN__DUPLICATE_METHOD_MATCH = YES;
				CODE_SIGN_IDENTITY = "iPhone Developer";
				COPY_PHASE_STRIP = NO;
				DEBUG_INFORMATION_FORMAT = dwarf;
				ENABLE_STRICT_OBJC_MSGSEND = YES;
				ENABLE_TESTABILITY = YES;
				GCC_C_LANGUAGE_STANDARD = gnu11;
				GCC_DYNAMIC_NO_PIC = NO;
				GCC_NO_COMMON_BLOCKS = YES;
				GCC_OPTIMIZATION_LEVEL = 0;
				GCC_PREPROCESSOR_DEFINITIONS = (
					"DEBUG=1",
					"$(inherited)",
				);
				GCC_WARN_64_TO_32_BIT_CONVERSION = YES;
				GCC_WARN_ABOUT_RETURN_TYPE = YES_ERROR;
				GCC_WARN_UNDECLARED_SELECTOR = YES;
				GCC_WARN_UNINITIALIZED_AUTOS = YES_AGGRESSIVE;
				GCC_WARN_UNUSED_FUNCTION = YES;
				GCC_WARN_UNUSED_VARIABLE = YES;
				IPHONEOS_DEPLOYMENT_TARGET = 12.1;
				MTL_ENABLE_DEBUG_INFO = INCLUDE_SOURCE;
				MTL_FAST_MATH = YES;
				ONLY_ACTIVE_ARCH = YES;
				SDKROOT = iphoneos;
				SWIFT_ACTIVE_COMPILATION_CONDITIONS = DEBUG;
				SWIFT_OPTIMIZATION_LEVEL = "-Onone";
			};
			name = Debug;
		};
		9801C01B21A833D100F59CD1 /* Release */ = {
			isa = XCBuildConfiguration;
			buildSettings = {
				ALWAYS_SEARCH_USER_PATHS = NO;
				CLANG_ANALYZER_NONNULL = YES;
				CLANG_ANALYZER_NUMBER_OBJECT_CONVERSION = YES_AGGRESSIVE;
				CLANG_CXX_LANGUAGE_STANDARD = "gnu++14";
				CLANG_CXX_LIBRARY = "libc++";
				CLANG_ENABLE_MODULES = YES;
				CLANG_ENABLE_OBJC_ARC = YES;
				CLANG_ENABLE_OBJC_WEAK = YES;
				CLANG_WARN_BLOCK_CAPTURE_AUTORELEASING = YES;
				CLANG_WARN_BOOL_CONVERSION = YES;
				CLANG_WARN_COMMA = YES;
				CLANG_WARN_CONSTANT_CONVERSION = YES;
				CLANG_WARN_DEPRECATED_OBJC_IMPLEMENTATIONS = YES;
				CLANG_WARN_DIRECT_OBJC_ISA_USAGE = YES_ERROR;
				CLANG_WARN_DOCUMENTATION_COMMENTS = YES;
				CLANG_WARN_EMPTY_BODY = YES;
				CLANG_WARN_ENUM_CONVERSION = YES;
				CLANG_WARN_INFINITE_RECURSION = YES;
				CLANG_WARN_INT_CONVERSION = YES;
				CLANG_WARN_NON_LITERAL_NULL_CONVERSION = YES;
				CLANG_WARN_OBJC_IMPLICIT_RETAIN_SELF = YES;
				CLANG_WARN_OBJC_LITERAL_CONVERSION = YES;
				CLANG_WARN_OBJC_ROOT_CLASS = YES_ERROR;
				CLANG_WARN_RANGE_LOOP_ANALYSIS = YES;
				CLANG_WARN_STRICT_PROTOTYPES = YES;
				CLANG_WARN_SUSPICIOUS_MOVE = YES;
				CLANG_WARN_UNGUARDED_AVAILABILITY = YES_AGGRESSIVE;
				CLANG_WARN_UNREACHABLE_CODE = YES;
				CLANG_WARN__DUPLICATE_METHOD_MATCH = YES;
				CODE_SIGN_IDENTITY = "iPhone Developer";
				COPY_PHASE_STRIP = NO;
				DEBUG_INFORMATION_FORMAT = "dwarf-with-dsym";
				ENABLE_NS_ASSERTIONS = NO;
				ENABLE_STRICT_OBJC_MSGSEND = YES;
				GCC_C_LANGUAGE_STANDARD = gnu11;
				GCC_NO_COMMON_BLOCKS = YES;
				GCC_WARN_64_TO_32_BIT_CONVERSION = YES;
				GCC_WARN_ABOUT_RETURN_TYPE = YES_ERROR;
				GCC_WARN_UNDECLARED_SELECTOR = YES;
				GCC_WARN_UNINITIALIZED_AUTOS = YES_AGGRESSIVE;
				GCC_WARN_UNUSED_FUNCTION = YES;
				GCC_WARN_UNUSED_VARIABLE = YES;
				IPHONEOS_DEPLOYMENT_TARGET = 12.1;
				MTL_ENABLE_DEBUG_INFO = NO;
				MTL_FAST_MATH = YES;
				SDKROOT = iphoneos;
				SWIFT_COMPILATION_MODE = wholemodule;
				SWIFT_OPTIMIZATION_LEVEL = "-O";
				VALIDATE_PRODUCT = YES;
			};
			name = Release;
		};
		9801C01D21A833D100F59CD1 /* Debug */ = {
			isa = XCBuildConfiguration;
			buildSettings = {
				ASSETCATALOG_COMPILER_APPICON_NAME = AppIcon;
				CODE_SIGN_STYLE = Automatic;
				DEVELOPMENT_TEAM = LBKLZA456E;
				INFOPLIST_FILE = Crawler/Info.plist;
				IPHONEOS_DEPLOYMENT_TARGET = 11.2;
				LD_RUNPATH_SEARCH_PATHS = (
					"$(inherited)",
					"@executable_path/Frameworks",
				);
				PRODUCT_BUNDLE_IDENTIFIER = sutie.Crawler;
				PRODUCT_NAME = "$(TARGET_NAME)";
				SWIFT_VERSION = 4.2;
				TARGETED_DEVICE_FAMILY = "1,2";
			};
			name = Debug;
		};
		9801C01E21A833D100F59CD1 /* Release */ = {
			isa = XCBuildConfiguration;
			buildSettings = {
				ASSETCATALOG_COMPILER_APPICON_NAME = AppIcon;
				CODE_SIGN_STYLE = Automatic;
				DEVELOPMENT_TEAM = LBKLZA456E;
				INFOPLIST_FILE = Crawler/Info.plist;
				IPHONEOS_DEPLOYMENT_TARGET = 11.2;
				LD_RUNPATH_SEARCH_PATHS = (
					"$(inherited)",
					"@executable_path/Frameworks",
				);
				PRODUCT_BUNDLE_IDENTIFIER = sutie.Crawler;
				PRODUCT_NAME = "$(TARGET_NAME)";
				SWIFT_VERSION = 4.2;
				TARGETED_DEVICE_FAMILY = "1,2";
			};
			name = Release;
		};
/* End XCBuildConfiguration section */

/* Begin XCConfigurationList section */
		9801C00521A833D000F59CD1 /* Build configuration list for PBXProject "Crawler" */ = {
			isa = XCConfigurationList;
			buildConfigurations = (
				9801C01A21A833D100F59CD1 /* Debug */,
				9801C01B21A833D100F59CD1 /* Release */,
			);
			defaultConfigurationIsVisible = 0;
			defaultConfigurationName = Release;
		};
		9801C01C21A833D100F59CD1 /* Build configuration list for PBXNativeTarget "Crawler" */ = {
			isa = XCConfigurationList;
			buildConfigurations = (
				9801C01D21A833D100F59CD1 /* Debug */,
				9801C01E21A833D100F59CD1 /* Release */,
			);
			defaultConfigurationIsVisible = 0;
			defaultConfigurationName = Release;
		};
/* End XCConfigurationList section */
	};
	rootObject = 9801C00221A833D000F59CD1 /* Project object */;
}
